<?xml version="1.0" encoding="utf-8"?>
<Project ToolsVersion="4.0" xmlns="http://schemas.microsoft.com/developer/msbuild/2003">
  <ItemGroup>
    <Filter Include="Header">
      <UniqueIdentifier>{5617a68d-c0fa-4ad4-be61-93bddb384863}</UniqueIdentifier>
    </Filter>
    <Filter Include="Source">
      <UniqueIdentifier>{df038eb0-4cc7-4bb4-8e18-d44a739e2a2c}</UniqueIdentifier>
    </Filter>
    <Filter Include="ThirdParty">
      <UniqueIdentifier>{3b9b7c43-3ab0-4bba-bb5d-2d870a1f5b89}</UniqueIdentifier>
    </Filter>
    <Filter Include="Source\lib_awd">
      <UniqueIdentifier>{1befcb4a-440f-4e8e-82fd-29effd6b60df}</UniqueIdentifier>
    </Filter>
    <Filter Include="Source\lib_awd\base">
      <UniqueIdentifier>{cf32acfe-af88-41d3-b448-5094449a88d5}</UniqueIdentifier>
    </Filter>
    <Filter Include="Source\lib_awd\blocks">
      <UniqueIdentifier>{8e2cf48a-1d47-41b2-a995-2a6e3c7d7029}</UniqueIdentifier>
    </Filter>
    <Filter Include="Source\lib_awd\elements">
      <UniqueIdentifier>{b45ed05d-4d67-494c-9716-ae681afe7a14}</UniqueIdentifier>
    </Filter>
    <Filter Include="Source\lib_awd\files">
      <UniqueIdentifier>{f4fc9a49-27e8-4b44-a90e-35c2d4fdd49d}</UniqueIdentifier>
    </Filter>
    <Filter Include="Source\lib_awd\utils">
      <UniqueIdentifier>{5407eda8-4a9e-470c-917e-c94de9c58748}</UniqueIdentifier>
    </Filter>
    <Filter Include="Source\lib_awd\elements\attributes">
      <UniqueIdentifier>{3181a359-c9ae-41ea-b368-9c64d9a265e7}</UniqueIdentifier>
    </Filter>
    <Filter Include="Source\lib_awd\utils\geomutil">
      <UniqueIdentifier>{2937638d-89b1-446c-a9b9-450709d01eb2}</UniqueIdentifier>
    </Filter>
    <Filter Include="Header\lib_awd">
      <UniqueIdentifier>{7c838da1-f041-4d6d-8eb0-2f04e5f1706b}</UniqueIdentifier>
    </Filter>
    <Filter Include="Header\lib_awd\base">
      <UniqueIdentifier>{b015a41e-9006-4fc3-8782-b36b16c8a9e9}</UniqueIdentifier>
    </Filter>
    <Filter Include="Header\lib_awd\blocks">
      <UniqueIdentifier>{9598062b-afd3-4e0b-8140-9c161a58c17c}</UniqueIdentifier>
    </Filter>
    <Filter Include="Header\lib_awd\elements">
      <UniqueIdentifier>{3405d204-b7d3-4d64-9e07-df0121e7b0e0}</UniqueIdentifier>
    </Filter>
    <Filter Include="Header\lib_awd\files">
      <UniqueIdentifier>{c1e6006f-97e6-4fc8-8ea9-68d818943612}</UniqueIdentifier>
    </Filter>
    <Filter Include="Header\lib_awd\utils">
      <UniqueIdentifier>{078481d3-acc8-4cd7-84da-68602cc872b7}</UniqueIdentifier>
    </Filter>
    <Filter Include="Source\lib_awd\elements\geom">
      <UniqueIdentifier>{5f547fb7-2335-4070-bfa9-121afbd220f4}</UniqueIdentifier>
    </Filter>
    <Filter Include="Source\lib_awd\libtess">
      <UniqueIdentifier>{2382f853-1348-4062-9d96-fd1cd44d14bc}</UniqueIdentifier>
    </Filter>
    <Filter Include="Header\lib_awd\libtess">
      <UniqueIdentifier>{ec773c88-8a43-413f-a5f4-5bb479304015}</UniqueIdentifier>
    </Filter>
    <Filter Include="Source\adobe_frame_commands">
      <UniqueIdentifier>{2862aa4e-c01c-46b7-971f-436e0a2ead97}</UniqueIdentifier>
    </Filter>
    <Filter Include="Header\adobe_frame_commands">
      <UniqueIdentifier>{5c4bb8af-bd98-4be7-bfba-530057e172d3}</UniqueIdentifier>
    </Filter>
    <Filter Include="doxygen_pages">
      <UniqueIdentifier>{80a95182-9e0f-4d35-904e-22af93a57ebf}</UniqueIdentifier>
    </Filter>
    <Filter Include="Source\lib_awd\utf8">
      <UniqueIdentifier>{9140d9a3-a430-40ec-88f6-a9e6ee10ab2e}</UniqueIdentifier>
    </Filter>
    <Filter Include="Header\lib_awd\geom">
      <UniqueIdentifier>{b3c0c967-70b1-47d1-9b1c-6d4adcc8761d}</UniqueIdentifier>
    </Filter>
    <Filter Include="Source\lib_awd\core">
      <UniqueIdentifier>{436a4fe9-4987-4a38-9c04-4351c1d19a7f}</UniqueIdentifier>
    </Filter>
  </ItemGroup>
  <ItemGroup>
    <ClInclude Include="..\..\include\DocType.h">
      <Filter>Header</Filter>
    </ClInclude>
    <ClInclude Include="..\..\include\MyXmlParser.h">
      <Filter>Header</Filter>
    </ClInclude>
    <ClInclude Include="..\..\include\Publisher.h">
      <Filter>Header</Filter>
    </ClInclude>
    <ClInclude Include="..\..\include\Utils.h">
      <Filter>Header</Filter>
    </ClInclude>
    <ClInclude Include="resource.h" />
    <ClInclude Include="..\..\..\..\..\..\awd-sdk\cpp-libawd\include\awd.h">
      <Filter>Header\lib_awd</Filter>
    </ClInclude>
    <ClInclude Include="..\..\..\..\..\..\awd-sdk\cpp-libawd\include\awd_project.h">
      <Filter>Header\lib_awd</Filter>
    </ClInclude>
    <ClInclude Include="..\..\..\..\..\..\awd-sdk\cpp-libawd\include\utils\platform.h">
      <Filter>Header\lib_awd\utils</Filter>
    </ClInclude>
    <ClInclude Include="..\..\..\..\..\..\awd-sdk\cpp-libawd\include\utils\settings.h">
      <Filter>Header\lib_awd\utils</Filter>
    </ClInclude>
    <ClInclude Include="..\..\..\..\..\..\awd-sdk\cpp-libawd\include\utils\util.h">
      <Filter>Header\lib_awd\utils</Filter>
    </ClInclude>
    <ClInclude Include="..\..\..\..\..\..\awd-sdk\cpp-libawd\include\utils\awd_globals.h">
      <Filter>Header\lib_awd\utils</Filter>
    </ClInclude>
    <ClInclude Include="..\..\..\..\..\..\awd-sdk\cpp-libawd\include\utils\awd_properties.h">
      <Filter>Header\lib_awd\utils</Filter>
    </ClInclude>
    <ClInclude Include="..\..\..\..\..\..\awd-sdk\cpp-libawd\include\utils\awd_types.h">
      <Filter>Header\lib_awd\utils</Filter>
    </ClInclude>
    <ClInclude Include="..\..\..\..\..\..\awd-sdk\cpp-libawd\include\files\awd_file.h">
      <Filter>Header\lib_awd\files</Filter>
    </ClInclude>
    <ClInclude Include="..\..\..\..\..\..\awd-sdk\cpp-libawd\include\files\awd_lzma.h">
      <Filter>Header\lib_awd\files</Filter>
    </ClInclude>
    <ClInclude Include="..\..\..\..\..\..\awd-sdk\cpp-libawd\include\files\awd_zlib.h">
      <Filter>Header\lib_awd\files</Filter>
    </ClInclude>
    <ClInclude Include="..\..\..\..\..\..\awd-sdk\cpp-libawd\include\files\file_reader.h">
      <Filter>Header\lib_awd\files</Filter>
    </ClInclude>
    <ClInclude Include="..\..\..\..\..\..\awd-sdk\cpp-libawd\include\files\file_writer.h">
      <Filter>Header\lib_awd\files</Filter>
    </ClInclude>
    <ClInclude Include="..\..\..\..\..\..\awd-sdk\cpp-libawd\include\elements\block_instance.h">
      <Filter>Header\lib_awd\elements</Filter>
    </ClInclude>
    <ClInclude Include="..\..\..\..\..\..\awd-sdk\cpp-libawd\include\elements\fonts.h">
      <Filter>Header\lib_awd\elements</Filter>
    </ClInclude>
    <ClInclude Include="..\..\..\..\..\..\awd-sdk\cpp-libawd\include\elements\frame_commands.h">
      <Filter>Header\lib_awd\elements</Filter>
    </ClInclude>
    <ClInclude Include="..\..\..\..\..\..\awd-sdk\cpp-libawd\include\elements\geom_elements.h">
      <Filter>Header\lib_awd\elements</Filter>
    </ClInclude>
    <ClInclude Include="..\..\..\..\..\..\awd-sdk\cpp-libawd\include\elements\shading.h">
      <Filter>Header\lib_awd\elements</Filter>
    </ClInclude>
    <ClInclude Include="..\..\..\..\..\..\awd-sdk\cpp-libawd\include\elements\skeleton_joint.h">
      <Filter>Header\lib_awd\elements</Filter>
    </ClInclude>
    <ClInclude Include="..\..\..\..\..\..\awd-sdk\cpp-libawd\include\elements\subgeometry.h">
      <Filter>Header\lib_awd\elements</Filter>
    </ClInclude>
    <ClInclude Include="..\..\..\..\..\..\awd-sdk\cpp-libawd\include\blocks\animator.h">
      <Filter>Header\lib_awd\blocks</Filter>
    </ClInclude>
    <ClInclude Include="..\..\..\..\..\..\awd-sdk\cpp-libawd\include\blocks\anim_set.h">
      <Filter>Header\lib_awd\blocks</Filter>
    </ClInclude>
    <ClInclude Include="..\..\..\..\..\..\awd-sdk\cpp-libawd\include\blocks\audio.h">
      <Filter>Header\lib_awd\blocks</Filter>
    </ClInclude>
    <ClInclude Include="..\..\..\..\..\..\awd-sdk\cpp-libawd\include\blocks\bitmap_texture.h">
      <Filter>Header\lib_awd\blocks</Filter>
    </ClInclude>
    <ClInclude Include="..\..\..\..\..\..\awd-sdk\cpp-libawd\include\blocks\camera.h">
      <Filter>Header\lib_awd\blocks</Filter>
    </ClInclude>
    <ClInclude Include="..\..\..\..\..\..\awd-sdk\cpp-libawd\include\blocks\command.h">
      <Filter>Header\lib_awd\blocks</Filter>
    </ClInclude>
    <ClInclude Include="..\..\..\..\..\..\awd-sdk\cpp-libawd\include\blocks\cube_texture.h">
      <Filter>Header\lib_awd\blocks</Filter>
    </ClInclude>
    <ClInclude Include="..\..\..\..\..\..\awd-sdk\cpp-libawd\include\blocks\effect_method.h">
      <Filter>Header\lib_awd\blocks</Filter>
    </ClInclude>
    <ClInclude Include="..\..\..\..\..\..\awd-sdk\cpp-libawd\include\blocks\font.h">
      <Filter>Header\lib_awd\blocks</Filter>
    </ClInclude>
    <ClInclude Include="..\..\..\..\..\..\awd-sdk\cpp-libawd\include\blocks\geometry.h">
      <Filter>Header\lib_awd\blocks</Filter>
    </ClInclude>
    <ClInclude Include="..\..\..\..\..\..\awd-sdk\cpp-libawd\include\blocks\light.h">
      <Filter>Header\lib_awd\blocks</Filter>
    </ClInclude>
    <ClInclude Include="..\..\..\..\..\..\awd-sdk\cpp-libawd\include\blocks\light_picker.h">
      <Filter>Header\lib_awd\blocks</Filter>
    </ClInclude>
    <ClInclude Include="..\..\..\..\..\..\awd-sdk\cpp-libawd\include\blocks\material.h">
      <Filter>Header\lib_awd\blocks</Filter>
    </ClInclude>
    <ClInclude Include="..\..\..\..\..\..\awd-sdk\cpp-libawd\include\blocks\meta.h">
      <Filter>Header\lib_awd\blocks</Filter>
    </ClInclude>
    <ClInclude Include="..\..\..\..\..\..\awd-sdk\cpp-libawd\include\blocks\namespace.h">
      <Filter>Header\lib_awd\blocks</Filter>
    </ClInclude>
    <ClInclude Include="..\..\..\..\..\..\awd-sdk\cpp-libawd\include\blocks\objectcontainer.h">
      <Filter>Header\lib_awd\blocks</Filter>
    </ClInclude>
    <ClInclude Include="..\..\..\..\..\..\awd-sdk\cpp-libawd\include\blocks\primitive.h">
      <Filter>Header\lib_awd\blocks</Filter>
    </ClInclude>
    <ClInclude Include="..\..\..\..\..\..\awd-sdk\cpp-libawd\include\blocks\scene.h">
      <Filter>Header\lib_awd\blocks</Filter>
    </ClInclude>
    <ClInclude Include="..\..\..\..\..\..\awd-sdk\cpp-libawd\include\blocks\shadows.h">
      <Filter>Header\lib_awd\blocks</Filter>
    </ClInclude>
    <ClInclude Include="..\..\..\..\..\..\awd-sdk\cpp-libawd\include\blocks\skeleton.h">
      <Filter>Header\lib_awd\blocks</Filter>
    </ClInclude>
    <ClInclude Include="..\..\..\..\..\..\awd-sdk\cpp-libawd\include\blocks\skeleton_anim_clip.h">
      <Filter>Header\lib_awd\blocks</Filter>
    </ClInclude>
    <ClInclude Include="..\..\..\..\..\..\awd-sdk\cpp-libawd\include\blocks\skeleton_pose.h">
      <Filter>Header\lib_awd\blocks</Filter>
    </ClInclude>
    <ClInclude Include="..\..\..\..\..\..\awd-sdk\cpp-libawd\include\blocks\skybox.h">
      <Filter>Header\lib_awd\blocks</Filter>
    </ClInclude>
    <ClInclude Include="..\..\..\..\..\..\awd-sdk\cpp-libawd\include\blocks\texture_projector.h">
      <Filter>Header\lib_awd\blocks</Filter>
    </ClInclude>
    <ClInclude Include="..\..\..\..\..\..\awd-sdk\cpp-libawd\include\blocks\text_element.h">
      <Filter>Header\lib_awd\blocks</Filter>
    </ClInclude>
    <ClInclude Include="..\..\..\..\..\..\awd-sdk\cpp-libawd\include\blocks\text_format.h">
      <Filter>Header\lib_awd\blocks</Filter>
    </ClInclude>
    <ClInclude Include="..\..\..\..\..\..\awd-sdk\cpp-libawd\include\blocks\uv_anim_clip.h">
      <Filter>Header\lib_awd\blocks</Filter>
    </ClInclude>
    <ClInclude Include="..\..\..\..\..\..\awd-sdk\cpp-libawd\include\blocks\uv_pose.h">
      <Filter>Header\lib_awd\blocks</Filter>
    </ClInclude>
    <ClInclude Include="..\..\..\..\..\..\awd-sdk\cpp-libawd\include\blocks\vertex_anim_clip.h">
      <Filter>Header\lib_awd\blocks</Filter>
    </ClInclude>
    <ClInclude Include="..\..\..\..\..\..\awd-sdk\cpp-libawd\include\blocks\vertex_pose.h">
      <Filter>Header\lib_awd\blocks</Filter>
    </ClInclude>
    <ClInclude Include="..\..\..\..\..\..\awd-sdk\cpp-libawd\include\base\anim_clip.h">
      <Filter>Header\lib_awd\base</Filter>
    </ClInclude>
    <ClInclude Include="..\..\..\..\..\..\awd-sdk\cpp-libawd\include\base\anim_frame.h">
      <Filter>Header\lib_awd\base</Filter>
    </ClInclude>
    <ClInclude Include="..\..\..\..\..\..\awd-sdk\cpp-libawd\include\base\attr.h">
      <Filter>Header\lib_awd\base</Filter>
    </ClInclude>
    <ClInclude Include="..\..\..\..\..\..\awd-sdk\cpp-libawd\include\base\block.h">
      <Filter>Header\lib_awd\base</Filter>
    </ClInclude>
    <ClInclude Include="..\..\..\..\..\..\awd-sdk\cpp-libawd\include\base\datablock.h">
      <Filter>Header\lib_awd\base</Filter>
    </ClInclude>
    <ClInclude Include="..\..\..\..\..\..\awd-sdk\cpp-libawd\include\base\scene_base.h">
      <Filter>Header\lib_awd\base</Filter>
    </ClInclude>
    <ClInclude Include="..\..\..\..\..\..\awd-sdk\cpp-libawd\include\base\state_element_base.h">
      <Filter>Header\lib_awd\base</Filter>
    </ClInclude>
    <ClInclude Include="..\..\..\..\..\..\awd-sdk\cpp-libawd\include\elements\stream.h">
      <Filter>Header\lib_awd\elements</Filter>
    </ClInclude>
    <ClInclude Include="..\..\..\..\..\..\awd-sdk\cpp-libawd\include\elements\stream_attributes.h">
      <Filter>Header\lib_awd\elements</Filter>
    </ClInclude>
    <ClInclude Include="..\..\..\..\..\..\awd-sdk\cpp-libawd\include\elements\timeline_frame.h">
      <Filter>Header\lib_awd\elements</Filter>
    </ClInclude>
    <ClInclude Include="..\..\..\..\..\..\awd-sdk\cpp-libawd\lib\libtess2_master\Include\tesselator.h">
      <Filter>Header\lib_awd\libtess</Filter>
    </ClInclude>
    <ClInclude Include="..\..\..\..\..\..\awd-sdk\cpp-libawd\lib\libtess2_master\Source\bucketalloc.h">
      <Filter>Source\lib_awd\libtess</Filter>
    </ClInclude>
    <ClInclude Include="..\..\..\..\..\..\awd-sdk\cpp-libawd\lib\libtess2_master\Source\dict.h">
      <Filter>Source\lib_awd\libtess</Filter>
    </ClInclude>
    <ClInclude Include="..\..\..\..\..\..\awd-sdk\cpp-libawd\lib\libtess2_master\Source\geom.h">
      <Filter>Source\lib_awd\libtess</Filter>
    </ClInclude>
    <ClInclude Include="..\..\..\..\..\..\awd-sdk\cpp-libawd\lib\libtess2_master\Source\mesh.h">
      <Filter>Source\lib_awd\libtess</Filter>
    </ClInclude>
    <ClInclude Include="..\..\..\..\..\..\awd-sdk\cpp-libawd\lib\libtess2_master\Source\priorityq.h">
      <Filter>Source\lib_awd\libtess</Filter>
    </ClInclude>
    <ClInclude Include="..\..\..\..\..\..\awd-sdk\cpp-libawd\lib\libtess2_master\Source\sweep.h">
      <Filter>Source\lib_awd\libtess</Filter>
    </ClInclude>
    <ClInclude Include="..\..\..\..\..\..\awd-sdk\cpp-libawd\lib\libtess2_master\Source\tess.h">
      <Filter>Source\lib_awd\libtess</Filter>
    </ClInclude>
    <ClInclude Include="..\..\..\..\..\..\awd-sdk\cpp-libawd\include\blocks\mesh_inst.h">
      <Filter>Header\lib_awd\blocks</Filter>
    </ClInclude>
    <ClInclude Include="..\..\include\TimelineBuilder.h">
      <Filter>Header\adobe_frame_commands</Filter>
    </ClInclude>
    <ClInclude Include="..\..\include\RessourcePalette.h">
      <Filter>Header\adobe_frame_commands</Filter>
    </ClInclude>
    <ClInclude Include="..\..\include\AWDTimelineWriter.h">
      <Filter>Header\adobe_frame_commands</Filter>
    </ClInclude>
    <ClInclude Include="..\..\include\ITimelineWriter.h">
      <Filter>Header\adobe_frame_commands</Filter>
    </ClInclude>
    <ClInclude Include="..\..\..\..\..\..\awd-sdk\cpp-libawd\include\utils\dirent_win.h">
      <Filter>Header\lib_awd\utils</Filter>
    </ClInclude>
    <ClInclude Include="..\..\..\..\..\..\awd-sdk\cpp-libawd\lib\lode_png\lodepng.h">
      <Filter>Header\lib_awd\utils</Filter>
    </ClInclude>
    <ClInclude Include="..\..\..\..\..\..\awd-sdk\cpp-libawd\include\blocks\billboard.h">
      <Filter>Header\lib_awd\blocks</Filter>
    </ClInclude>
    <ClInclude Include="..\..\..\..\..\..\awd-sdk\cpp-libawd\include\blocks\mesh_library.h">
      <Filter>Header\lib_awd\blocks</Filter>
    </ClInclude>
    <ClInclude Include="..\..\include\PluginConfiguration.h">
      <Filter>Header</Filter>
    </ClInclude>
    <ClInclude Include="..\..\..\..\..\..\awd-sdk\cpp-libawd\include\elements\timeline_depth_manager.h">
      <Filter>Header\lib_awd\elements</Filter>
    </ClInclude>
    <ClInclude Include="..\..\..\..\..\..\awd-sdk\cpp-libawd\src\utf8\unchecked.h">
      <Filter>Source\lib_awd\utf8</Filter>
    </ClInclude>
    <ClInclude Include="..\..\..\..\..\..\awd-sdk\cpp-libawd\src\utf8\checked.h">
      <Filter>Source\lib_awd\utf8</Filter>
    </ClInclude>
    <ClInclude Include="..\..\..\..\..\..\awd-sdk\cpp-libawd\src\utf8\core.h">
      <Filter>Source\lib_awd\utf8</Filter>
    </ClInclude>
    <ClInclude Include="..\..\..\..\..\..\awd-sdk\cpp-libawd\include\utf8.h">
      <Filter>Header\lib_awd</Filter>
    </ClInclude>
    <ClInclude Include="..\..\include\AnimateToAWDEncoder.h">
      <Filter>Header</Filter>
    </ClInclude>
    <ClInclude Include="..\..\..\..\..\..\awd-sdk\cpp-libawd\include\xmlParser.h">
      <Filter>Header</Filter>
    </ClInclude>
    <ClInclude Include="..\..\include\AnimateXMLToAWD.h">
      <Filter>Header</Filter>
    </ClInclude>
    <ClInclude Include="..\..\..\..\..\..\awd-sdk\cpp-libawd\include\blocks\movieclip.h">
      <Filter>Header\lib_awd\blocks</Filter>
    </ClInclude>
    <ClInclude Include="..\..\..\..\..\..\awd-sdk\cpp-libawd\include\blocks\ConcanetedStream.h">
      <Filter>Header\lib_awd\blocks</Filter>
    </ClInclude>
  </ItemGroup>
  <ItemGroup>
    <ClCompile Include="..\..\src\DocType.cpp">
      <Filter>Source</Filter>
    </ClCompile>
    <ClCompile Include="..\..\src\Main.cpp">
      <Filter>Source</Filter>
    </ClCompile>
    <ClCompile Include="..\..\src\MyXmlParser.cpp">
      <Filter>Source</Filter>
    </ClCompile>
    <ClCompile Include="..\..\src\Utils.cpp">
      <Filter>Source</Filter>
    </ClCompile>
    <ClCompile Include="..\..\src\Publisher.cpp">
      <Filter>Source</Filter>
    </ClCompile>
    <ClCompile Include="..\..\src\PublisherUtils.cpp">
      <Filter>Source</Filter>
    </ClCompile>
    <ClCompile Include="..\..\..\..\..\..\awd-sdk\cpp-libawd\src\base\AttrElementBase.cc">
      <Filter>Source\lib_awd\base</Filter>
    </ClCompile>
    <ClCompile Include="..\..\..\..\..\..\awd-sdk\cpp-libawd\src\base\BlockBase.cc">
      <Filter>Source\lib_awd\base</Filter>
    </ClCompile>
    <ClCompile Include="..\..\..\..\..\..\awd-sdk\cpp-libawd\src\base\DataBlockBase.cc">
      <Filter>Source\lib_awd\base</Filter>
    </ClCompile>
    <ClCompile Include="..\..\..\..\..\..\awd-sdk\cpp-libawd\src\base\SceneBlockBase.cc">
      <Filter>Source\lib_awd\base</Filter>
    </ClCompile>
    <ClCompile Include="..\..\..\..\..\..\awd-sdk\cpp-libawd\src\base\StateElementbase.cc">
      <Filter>Source\lib_awd\base</Filter>
    </ClCompile>
    <ClCompile Include="..\..\..\..\..\..\awd-sdk\cpp-libawd\src\base\AnimationClipBase.cc">
      <Filter>Source\lib_awd\base</Filter>
    </ClCompile>
    <ClCompile Include="..\..\..\..\..\..\awd-sdk\cpp-libawd\src\base\AnimationFrameBase.cc">
      <Filter>Source\lib_awd\base</Filter>
    </ClCompile>
    <ClCompile Include="..\..\..\..\..\..\awd-sdk\cpp-libawd\src\blocks\Command.cc">
      <Filter>Source\lib_awd\blocks</Filter>
    </ClCompile>
    <ClCompile Include="..\..\..\..\..\..\awd-sdk\cpp-libawd\src\blocks\CubeTexture.cc">
      <Filter>Source\lib_awd\blocks</Filter>
    </ClCompile>
    <ClCompile Include="..\..\..\..\..\..\awd-sdk\cpp-libawd\src\blocks\EffectMethod.cc">
      <Filter>Source\lib_awd\blocks</Filter>
    </ClCompile>
    <ClCompile Include="..\..\..\..\..\..\awd-sdk\cpp-libawd\src\blocks\Font.cc">
      <Filter>Source\lib_awd\blocks</Filter>
    </ClCompile>
    <ClCompile Include="..\..\..\..\..\..\awd-sdk\cpp-libawd\src\blocks\Geometry.cc">
      <Filter>Source\lib_awd\blocks</Filter>
    </ClCompile>
    <ClCompile Include="..\..\..\..\..\..\awd-sdk\cpp-libawd\src\blocks\Light.cc">
      <Filter>Source\lib_awd\blocks</Filter>
    </ClCompile>
    <ClCompile Include="..\..\..\..\..\..\awd-sdk\cpp-libawd\src\blocks\LightPicker.cc">
      <Filter>Source\lib_awd\blocks</Filter>
    </ClCompile>
    <ClCompile Include="..\..\..\..\..\..\awd-sdk\cpp-libawd\src\blocks\Material.cc">
      <Filter>Source\lib_awd\blocks</Filter>
    </ClCompile>
    <ClCompile Include="..\..\..\..\..\..\awd-sdk\cpp-libawd\src\blocks\MetaData.cc">
      <Filter>Source\lib_awd\blocks</Filter>
    </ClCompile>
    <ClCompile Include="..\..\..\..\..\..\awd-sdk\cpp-libawd\src\blocks\Namespace.cc">
      <Filter>Source\lib_awd\blocks</Filter>
    </ClCompile>
    <ClCompile Include="..\..\..\..\..\..\awd-sdk\cpp-libawd\src\blocks\ObjectContainer3D.cc">
      <Filter>Source\lib_awd\blocks</Filter>
    </ClCompile>
    <ClCompile Include="..\..\..\..\..\..\awd-sdk\cpp-libawd\src\blocks\Primitive.cc">
      <Filter>Source\lib_awd\blocks</Filter>
    </ClCompile>
    <ClCompile Include="..\..\..\..\..\..\awd-sdk\cpp-libawd\src\blocks\Scene.cc">
      <Filter>Source\lib_awd\blocks</Filter>
    </ClCompile>
    <ClCompile Include="..\..\..\..\..\..\awd-sdk\cpp-libawd\src\blocks\ShadowMethod.cc">
      <Filter>Source\lib_awd\blocks</Filter>
    </ClCompile>
    <ClCompile Include="..\..\..\..\..\..\awd-sdk\cpp-libawd\src\blocks\Skeleton.cc">
      <Filter>Source\lib_awd\blocks</Filter>
    </ClCompile>
    <ClCompile Include="..\..\..\..\..\..\awd-sdk\cpp-libawd\src\blocks\SkeletonAnimationClip.cc">
      <Filter>Source\lib_awd\blocks</Filter>
    </ClCompile>
    <ClCompile Include="..\..\..\..\..\..\awd-sdk\cpp-libawd\src\blocks\SkeletonPose.cc">
      <Filter>Source\lib_awd\blocks</Filter>
    </ClCompile>
    <ClCompile Include="..\..\..\..\..\..\awd-sdk\cpp-libawd\src\blocks\SkyBox.cc">
      <Filter>Source\lib_awd\blocks</Filter>
    </ClCompile>
    <ClCompile Include="..\..\..\..\..\..\awd-sdk\cpp-libawd\src\blocks\TextElement.cc">
      <Filter>Source\lib_awd\blocks</Filter>
    </ClCompile>
    <ClCompile Include="..\..\..\..\..\..\awd-sdk\cpp-libawd\src\blocks\TextFormat.cc">
      <Filter>Source\lib_awd\blocks</Filter>
    </ClCompile>
    <ClCompile Include="..\..\..\..\..\..\awd-sdk\cpp-libawd\src\blocks\TextureProjector.cc">
      <Filter>Source\lib_awd\blocks</Filter>
    </ClCompile>
    <ClCompile Include="..\..\..\..\..\..\awd-sdk\cpp-libawd\src\blocks\UVAnimationClip.cc">
      <Filter>Source\lib_awd\blocks</Filter>
    </ClCompile>
    <ClCompile Include="..\..\..\..\..\..\awd-sdk\cpp-libawd\src\blocks\UVPose.cc">
      <Filter>Source\lib_awd\blocks</Filter>
    </ClCompile>
    <ClCompile Include="..\..\..\..\..\..\awd-sdk\cpp-libawd\src\blocks\VertexAnimationClip.cc">
      <Filter>Source\lib_awd\blocks</Filter>
    </ClCompile>
    <ClCompile Include="..\..\..\..\..\..\awd-sdk\cpp-libawd\src\blocks\VertexPose.cc">
      <Filter>Source\lib_awd\blocks</Filter>
    </ClCompile>
    <ClCompile Include="..\..\..\..\..\..\awd-sdk\cpp-libawd\src\blocks\AnimationSet.cc">
      <Filter>Source\lib_awd\blocks</Filter>
    </ClCompile>
    <ClCompile Include="..\..\..\..\..\..\awd-sdk\cpp-libawd\src\blocks\Animator.cc">
      <Filter>Source\lib_awd\blocks</Filter>
    </ClCompile>
    <ClCompile Include="..\..\..\..\..\..\awd-sdk\cpp-libawd\src\blocks\Audio.cc">
      <Filter>Source\lib_awd\blocks</Filter>
    </ClCompile>
    <ClCompile Include="..\..\..\..\..\..\awd-sdk\cpp-libawd\src\blocks\BitmapTexture.cc">
      <Filter>Source\lib_awd\blocks</Filter>
    </ClCompile>
    <ClCompile Include="..\..\..\..\..\..\awd-sdk\cpp-libawd\src\blocks\Camera.cc">
      <Filter>Source\lib_awd\blocks</Filter>
    </ClCompile>
    <ClCompile Include="..\..\..\..\..\..\awd-sdk\cpp-libawd\src\elements\ShadingMethod.cc">
      <Filter>Source\lib_awd\elements</Filter>
    </ClCompile>
    <ClCompile Include="..\..\..\..\..\..\awd-sdk\cpp-libawd\src\elements\SkeletonJoint.cc">
      <Filter>Source\lib_awd\elements</Filter>
    </ClCompile>
    <ClCompile Include="..\..\..\..\..\..\awd-sdk\cpp-libawd\src\elements\TimeLineFrame.cc">
      <Filter>Source\lib_awd\elements</Filter>
    </ClCompile>
    <ClCompile Include="..\..\..\..\..\..\awd-sdk\cpp-libawd\src\elements\BlockInstance.cc">
      <Filter>Source\lib_awd\elements</Filter>
    </ClCompile>
    <ClCompile Include="..\..\..\..\..\..\awd-sdk\cpp-libawd\src\elements\FontElements.cc">
      <Filter>Source\lib_awd\elements</Filter>
    </ClCompile>
    <ClCompile Include="..\..\..\..\..\..\awd-sdk\cpp-libawd\src\elements\attributes\NumAttr.cc">
      <Filter>Source\lib_awd\elements\attributes</Filter>
    </ClCompile>
    <ClCompile Include="..\..\..\..\..\..\awd-sdk\cpp-libawd\src\elements\attributes\NumAttrList.cc">
      <Filter>Source\lib_awd\elements\attributes</Filter>
    </ClCompile>
    <ClCompile Include="..\..\..\..\..\..\awd-sdk\cpp-libawd\src\elements\attributes\UserAttr.cc">
      <Filter>Source\lib_awd\elements\attributes</Filter>
    </ClCompile>
    <ClCompile Include="..\..\..\..\..\..\awd-sdk\cpp-libawd\src\elements\attributes\UserAttrList.cc">
      <Filter>Source\lib_awd\elements\attributes</Filter>
    </ClCompile>
    <ClCompile Include="..\..\..\..\..\..\awd-sdk\cpp-libawd\src\elements\attributes\AttrBase.cc">
      <Filter>Source\lib_awd\elements\attributes</Filter>
    </ClCompile>
    <ClCompile Include="..\..\..\..\..\..\awd-sdk\cpp-libawd\src\files\awdlzma.cc">
      <Filter>Source\lib_awd\files</Filter>
    </ClCompile>
    <ClCompile Include="..\..\..\..\..\..\awd-sdk\cpp-libawd\src\files\awdzlib.cc">
      <Filter>Source\lib_awd\files</Filter>
    </ClCompile>
    <ClCompile Include="..\..\..\..\..\..\awd-sdk\cpp-libawd\src\files\FileReader.cc">
      <Filter>Source\lib_awd\files</Filter>
    </ClCompile>
    <ClCompile Include="..\..\..\..\..\..\awd-sdk\cpp-libawd\src\files\FileWriter.cc">
      <Filter>Source\lib_awd\files</Filter>
    </ClCompile>
    <ClCompile Include="..\..\..\..\..\..\awd-sdk\cpp-libawd\src\files\AWDFile.cc">
      <Filter>Source\lib_awd\files</Filter>
    </ClCompile>
    <ClCompile Include="..\..\..\..\..\..\awd-sdk\cpp-libawd\src\utils\geomutil\geomutil.cc">
      <Filter>Source\lib_awd\utils\geomutil</Filter>
    </ClCompile>
    <ClCompile Include="..\..\..\..\..\..\awd-sdk\cpp-libawd\src\utils\geomutil\geomutil_helper.cc">
      <Filter>Source\lib_awd\utils\geomutil</Filter>
    </ClCompile>
    <ClCompile Include="..\..\..\..\..\..\awd-sdk\cpp-libawd\src\utils\util.cc">
      <Filter>Source\lib_awd\utils</Filter>
    </ClCompile>
    <ClCompile Include="..\..\..\..\..\..\awd-sdk\cpp-libawd\src\awd_project.cc">
      <Filter>Source\lib_awd</Filter>
    </ClCompile>
    <ClCompile Include="..\..\..\..\..\..\awd-sdk\cpp-libawd\src\utils\Settings.cc">
      <Filter>Source\lib_awd\utils</Filter>
    </ClCompile>
    <ClCompile Include="..\..\..\..\..\..\awd-sdk\cpp-libawd\src\elements\geom\DataStreamAttrBase.cc">
      <Filter>Source\lib_awd\elements\geom</Filter>
    </ClCompile>
    <ClCompile Include="..\..\..\..\..\..\awd-sdk\cpp-libawd\src\elements\geom\geom_types.cc">
      <Filter>Source\lib_awd\elements\geom</Filter>
    </ClCompile>
    <ClCompile Include="..\..\..\..\..\..\awd-sdk\cpp-libawd\src\elements\geom\SharedVertex.cc">
      <Filter>Source\lib_awd\elements\geom</Filter>
    </ClCompile>
    <ClCompile Include="..\..\..\..\..\..\awd-sdk\cpp-libawd\src\elements\geom\SubGeom.cc">
      <Filter>Source\lib_awd\elements\geom</Filter>
    </ClCompile>
    <ClCompile Include="..\..\..\..\..\..\awd-sdk\cpp-libawd\src\elements\geom\SubGeomInternal.cc">
      <Filter>Source\lib_awd\elements\geom</Filter>
    </ClCompile>
    <ClCompile Include="..\..\..\..\..\..\awd-sdk\cpp-libawd\src\elements\geom\Triangle.cc">
      <Filter>Source\lib_awd\elements\geom</Filter>
    </ClCompile>
    <ClCompile Include="..\..\..\..\..\..\awd-sdk\cpp-libawd\src\elements\geom\Vertex.cc">
      <Filter>Source\lib_awd\elements\geom</Filter>
    </ClCompile>
    <ClCompile Include="..\..\..\..\..\..\awd-sdk\cpp-libawd\src\elements\geom\DataStream.cc">
      <Filter>Source\lib_awd\elements\geom</Filter>
    </ClCompile>
    <ClCompile Include="..\..\..\..\..\..\awd-sdk\cpp-libawd\src\elements\geom\PathSegment.cc">
      <Filter>Source\lib_awd\elements\geom</Filter>
    </ClCompile>
    <ClCompile Include="..\..\..\..\..\..\awd-sdk\cpp-libawd\lib\libtess2_master\Source\priorityq.c">
      <Filter>Source\lib_awd\libtess</Filter>
    </ClCompile>
    <ClCompile Include="..\..\..\..\..\..\awd-sdk\cpp-libawd\lib\libtess2_master\Source\sweep.c">
      <Filter>Source\lib_awd\libtess</Filter>
    </ClCompile>
    <ClCompile Include="..\..\..\..\..\..\awd-sdk\cpp-libawd\lib\libtess2_master\Source\tess.c">
      <Filter>Source\lib_awd\libtess</Filter>
    </ClCompile>
    <ClCompile Include="..\..\..\..\..\..\awd-sdk\cpp-libawd\lib\libtess2_master\Source\bucketalloc.c">
      <Filter>Source\lib_awd\libtess</Filter>
    </ClCompile>
    <ClCompile Include="..\..\..\..\..\..\awd-sdk\cpp-libawd\lib\libtess2_master\Source\dict.c">
      <Filter>Source\lib_awd\libtess</Filter>
    </ClCompile>
    <ClCompile Include="..\..\..\..\..\..\awd-sdk\cpp-libawd\lib\libtess2_master\Source\geom.c">
      <Filter>Source\lib_awd\libtess</Filter>
    </ClCompile>
    <ClCompile Include="..\..\..\..\..\..\awd-sdk\cpp-libawd\lib\libtess2_master\Source\mesh.c">
      <Filter>Source\lib_awd\libtess</Filter>
    </ClCompile>
    <ClCompile Include="..\..\..\..\..\..\awd-sdk\cpp-libawd\src\blocks\MeshInst.cc">
      <Filter>Source\lib_awd\blocks</Filter>
    </ClCompile>
    <ClCompile Include="..\..\src\adobe_frame_commands\RessourcePalette.cpp">
      <Filter>Source\adobe_frame_commands</Filter>
    </ClCompile>
    <ClCompile Include="..\..\src\adobe_frame_commands\TimeLineBuilder.cpp">
      <Filter>Source\adobe_frame_commands</Filter>
    </ClCompile>
    <ClCompile Include="..\..\src\adobe_frame_commands\AWDTimelineWriter.cpp">
      <Filter>Source\adobe_frame_commands</Filter>
    </ClCompile>
    <ClCompile Include="..\..\..\..\..\..\awd-sdk\cpp-libawd\src\elements\geom\FilledRegion.cc">
      <Filter>Source\lib_awd\elements\geom</Filter>
    </ClCompile>
    <ClCompile Include="..\..\..\..\..\..\awd-sdk\cpp-libawd\src\elements\geom\Path.cc">
      <Filter>Source\lib_awd\elements\geom</Filter>
    </ClCompile>
    <ClCompile Include="..\..\..\..\..\..\awd-sdk\cpp-libawd\lib\radix\IceRadix3Passes.cpp">
      <Filter>Source\lib_awd</Filter>
    </ClCompile>
    <ClCompile Include="..\..\..\..\..\..\awd-sdk\cpp-libawd\lib\radix\IceRevisitedRadix.cpp">
      <Filter>Source\lib_awd</Filter>
    </ClCompile>
    <ClCompile Include="..\..\..\..\..\..\awd-sdk\cpp-libawd\lib\radix\StdAfx.cpp">
      <Filter>Source\lib_awd</Filter>
    </ClCompile>
    <ClCompile Include="..\..\..\..\..\..\awd-sdk\cpp-libawd\src\utils\DirentWin.cpp">
      <Filter>Source\lib_awd\utils</Filter>
    </ClCompile>
    <ClCompile Include="..\..\..\..\..\..\awd-sdk\cpp-libawd\lib\lode_png\lodepng.cpp">
      <Filter>Source\lib_awd\utils</Filter>
    </ClCompile>
    <ClCompile Include="..\..\..\..\..\..\awd-sdk\cpp-libawd\src\utils\texture_atlas_util.cc">
      <Filter>Source\lib_awd\utils</Filter>
    </ClCompile>
    <ClCompile Include="..\..\..\..\..\..\awd-sdk\cpp-libawd\src\blocks\Billboard.cc">
      <Filter>Source\lib_awd\blocks</Filter>
    </ClCompile>
    <ClCompile Include="..\..\..\..\..\..\awd-sdk\cpp-libawd\src\blocks\MeshLibrary.cc">
      <Filter>Source\lib_awd\blocks</Filter>
    </ClCompile>
    <ClCompile Include="..\..\..\..\..\..\awd-sdk\cpp-libawd\src\elements\FrameCommandDisplayObject.cc">
      <Filter>Source\lib_awd\elements</Filter>
    </ClCompile>
    <ClCompile Include="..\..\..\..\..\..\awd-sdk\cpp-libawd\src\elements\FrameCommandSoundObject.cc">
      <Filter>Source\lib_awd\elements</Filter>
    </ClCompile>
    <ClCompile Include="..\..\..\..\..\..\awd-sdk\cpp-libawd\src\elements\FrameCommandBase.cc">
      <Filter>Source\lib_awd\elements</Filter>
    </ClCompile>
    <ClCompile Include="..\..\..\..\..\..\awd-sdk\cpp-libawd\src\elements\FrameCommandRemoveObject.cc">
      <Filter>Source\lib_awd\elements</Filter>
    </ClCompile>
    <ClCompile Include="..\..\..\..\..\..\awd-sdk\cpp-libawd\src\elements\TimelineDepthManager.cc">
      <Filter>Source\lib_awd\elements</Filter>
    </ClCompile>
    <ClCompile Include="..\..\..\..\..\..\awd-sdk\cpp-libawd\src\HTTPServer.cpp">
      <Filter>Source\lib_awd</Filter>
    </ClCompile>
    <ClCompile Include="..\..\..\..\..\..\awd-sdk\cpp-libawd\lib\mongoose\mongoose.c">
      <Filter>Source\lib_awd</Filter>
    </ClCompile>
    <ClCompile Include="..\..\..\..\..\..\awd-sdk\cpp-libawd\lib\mongoose\main.c">
      <Filter>Source\lib_awd</Filter>
    </ClCompile>
    <ClCompile Include="..\..\src\AnimateToAWDEncoder.cpp">
      <Filter>Source</Filter>
    </ClCompile>
    <ClCompile Include="..\..\src\AnimateToAWDEncoder_fills.cpp">
      <Filter>Source</Filter>
    </ClCompile>
    <ClCompile Include="..\..\src\AnimateToAWDEncoder_fonts.cpp">
      <Filter>Source</Filter>
    </ClCompile>
    <ClCompile Include="..\..\src\AnimateToAWDEncoder_mediaItems.cpp">
      <Filter>Source</Filter>
    </ClCompile>
    <ClCompile Include="..\..\src\AnimateToAWDEncoder_shapes.cpp">
      <Filter>Source</Filter>
    </ClCompile>
    <ClCompile Include="..\..\..\..\..\..\awd-sdk\cpp-libawd\src\xmlParser.cpp">
      <Filter>Source\lib_awd</Filter>
    </ClCompile>
    <ClCompile Include="..\..\src\AnimateXMLToAWD.cpp">
      <Filter>Source</Filter>
    </ClCompile>
    <ClCompile Include="..\..\src\AnimateToAWDEncoder_textfields.cpp">
      <Filter>Source</Filter>
    </ClCompile>
    <ClCompile Include="..\..\..\..\..\..\awd-sdk\cpp-libawd\src\utils\geomutil\geomutilShapes.cc">
      <Filter>Source\lib_awd\utils\geomutil</Filter>
    </ClCompile>
    <ClCompile Include="..\..\..\..\..\..\awd-sdk\cpp-libawd\src\blocks\MovieClip.cc">
      <Filter>Source\lib_awd\blocks</Filter>
    </ClCompile>
    <ClCompile Include="..\..\..\..\..\..\awd-sdk\cpp-libawd\src\blocks\ConcanetedStream.cc">
      <Filter>Source\lib_awd\blocks</Filter>
    </ClCompile>
    <ClCompile Include="..\..\..\..\..\..\awd-sdk\cpp-libawd\src\elements\geom\SubShapePath.cpp">
      <Filter>Source\lib_awd\elements\geom</Filter>
    </ClCompile>
  </ItemGroup>
  <ItemGroup>
    <ResourceCompile Include="AwayExtensionsAnimateCC.rc" />
  </ItemGroup>
  <ItemGroup>
    <None Include="..\..\..\..\..\..\awd-sdk\cpp-libawd\doxygen_docs\libawd_coding_conventions.dox">
      <Filter>doxygen_pages</Filter>
    </None>
    <None Include="..\..\..\..\..\..\awd-sdk\cpp-libawd\doxygen_docs\libawd_exporter_example.dox">
      <Filter>doxygen_pages</Filter>
    </None>
    <None Include="..\..\..\..\..\..\awd-sdk\cpp-libawd\doxygen_docs\libawd_features.dox">
      <Filter>doxygen_pages</Filter>
    </None>
    <None Include="..\..\..\..\..\..\awd-sdk\cpp-libawd\doxygen_docs\libawd_general_usage.dox">
      <Filter>doxygen_pages</Filter>
    </None>
    <None Include="..\..\..\..\..\..\awd-sdk\cpp-libawd\doxygen_docs\libawd_importer_example.dox">
      <Filter>doxygen_pages</Filter>
    </None>
    <None Include="..\..\..\..\..\..\awd-sdk\cpp-libawd\doxygen_docs\libawd_introduction.dox">
      <Filter>doxygen_pages</Filter>
    </None>
    <None Include="..\..\..\..\..\..\awd-sdk\cpp-libawd\doxygen_docs\libawd_main.dox">
      <Filter>doxygen_pages</Filter>
    </None>
    <None Include="..\..\..\..\..\..\awd-sdk\cpp-libawd\doxygen_docs\libawd_usage.dox">
      <Filter>doxygen_pages</Filter>
    </None>
    <None Include="..\..\..\..\..\..\awd-sdk\cpp-libawd\doxygen_docs\awd_specs.dox">
      <Filter>doxygen_pages</Filter>
    </None>
    <None Include="..\..\..\..\..\..\awd-sdk\cpp-libawd\doxygen_docs\awd_specs_part_1.dox">
      <Filter>doxygen_pages</Filter>
    </None>
    <None Include="..\..\..\..\..\..\awd-sdk\cpp-libawd\doxygen_docs\awd_specs_part_2.dox">
      <Filter>doxygen_pages</Filter>
    </None>
    <None Include="..\..\..\..\..\..\awd-sdk\cpp-libawd\doxygen_docs\awd_specs_part_3.dox">
      <Filter>doxygen_pages</Filter>
    </None>
  </ItemGroup>
</Project>